ansicolors 1.0.2-3||production
apicast scm-1|v3.8.0|production
apicast-cli scm-1|3b380e29f84f0fddb9d5ae53ed7af9b841def5b9|production
argparse 0.7.0-1||production
debugger scm-1|67f19c40acefd95016254da554046c86667c4852|production
dkjson 2.5-2||production
inspect 3.1.1-0||production
liquid 0.1.0-1||production
lua-resty-env 0.4.0-1||production
lua-resty-execvp 0.1.1-1||production
lua-resty-http 0.12-0||production
lua-resty-iputils 0.3.0-1||production
lua-resty-jwt 0.1.11-0||production
lua-resty-url 0.2.0-1||production
lua-term 0.7-1||production
lua_cliargs 3.0-1||production
luafilesystem 1.7.0-2||production
luarocks 2.4.4-1||production
luassert 1.7.10-0||production
luasystem 0.2.1-0||production
mediator_lua 1.1.2-0||production
nginx-lua-prometheus 0.20181120-3||production
penlight 1.7.0-1||production
router 2.1-0||production
say 1.3-1||production
busted 2.0.0-1||production,test
