ansicolors 1.0.2-3
apicast scm-1
apicast-cli scm-1
argparse 0.5.0-1
busted-ffi 2.0.rc12-1
datafile 0.4-1
debugger scm-1
dkjson 2.5-2
inspect 3.1.0-1
liquid scm-1
lua-resty-env 0.3.0-1
lua-resty-http 0.10-0
lua-resty-iputils 0.3.0-1
lua-resty-jwt 0.1.10-1
lua-resty-url 0.1.0-1
lua-term 0.7-1
lua_cliargs 3.0-1
luafilesystem-ffi scm-1
luarocks 2.4.3-1
luassert 1.7.10-0
luasystem 0.2.1-0
mediator_lua 1.1.2-0
penlight-ffi scm-1
router 2.1-0
say 1.3-1
