ansicolors 1.0.2-3||production
apicast scm-1|541b579ec170d8166b5476193118f963e6351983|production
apicast-cli scm-1|3b380e29f84f0fddb9d5ae53ed7af9b841def5b9|production
argparse 0.6.0-1||production
busted-ffi 2.0.rc12-1||production
debugger scm-1|67f19c40acefd95016254da554046c86667c4852|production
dkjson 2.5-2||production
inspect 3.1.1-0||production
liquid 0.1.0-1||production
lua-resty-env 0.4.0-1||production
lua-resty-execvp 0.1.1-1||production
lua-resty-http 0.12-0||production
lua-resty-iputils 0.3.0-1||production
lua-resty-jwt 0.1.12-0||production
lua-resty-url 0.2.0-1||production
lua-term 0.7-1||production
lua_cliargs 3.0-1||production
luafilesystem 1.7.0-2||production
luafilesystem-ffi scm-1|38bb4a1f619ed403db10884671a8ccbfa10459fb|production
luarocks 2.4.4-1||production
luassert 1.7.10-0||production
luasystem 0.2.1-0||production
mediator_lua 1.1.2-0||production
nginx-lua-prometheus 0.20171117-4||production
penlight 1.5.4-1||production
penlight-ffi scm-1|2fb9b303f349955597c229f767d421423eaaf2c8|production
router 2.1-0||production
say 1.3-1||production